
Microsoft Visual Studio Solution File, Format Version 12.00
# Visual Studio Version 17
VisualStudioVersion = 17.5.33530.505
MinimumVisualStudioVersion = 10.0.40219.1
Project("{FAE04EC0-301F-11D3-BF4B-00C04F79EFBC}") = "Application", "Application.csproj", "{D8EFE84A-9E59-4B6A-B2E0-89623B065CB5}"
EndProject
Global
	GlobalSection(SolutionConfigurationPlatforms) = preSolution
		Debug|Any CPU = Debug|Any CPU
		Release|Any CPU = Release|Any CPU
	EndGlobalSection
	GlobalSection(ProjectConfigurationPlatforms) = postSolution
		{D8EFE84A-9E59-4B6A-B2E0-89623B065CB5}.Debug|Any CPU.ActiveCfg = Debug|Any CPU
		{D8EFE84A-9E59-4B6A-B2E0-89623B065CB5}.Debug|Any CPU.Build.0 = Debug|Any CPU
		{D8EFE84A-9E59-4B6A-B2E0-89623B065CB5}.Release|Any CPU.ActiveCfg = Release|Any CPU
		{D8EFE84A-9E59-4B6A-B2E0-89623B065CB5}.Release|Any CPU.Build.0 = Release|Any CPU
	EndGlobalSection
	GlobalSection(SolutionProperties) = preSolution
		HideSolutionNode = FALSE
	EndGlobalSection
	GlobalSection(ExtensibilityGlobals) = postSolution
		SolutionGuid = {1B27224B-DED1-4078-BCC6-2FE9C6A762F5}
	EndGlobalSection
EndGlobal
