
Microsoft Visual Studio Solution File, Format Version 12.00
# Visual Studio Version 17
VisualStudioVersion = 17.5.33530.505
MinimumVisualStudioVersion = 10.0.40219.1
Project("{FAE04EC0-301F-11D3-BF4B-00C04F79EFBC}") = "Application", "Application.csproj", "{B2EC5B2F-D5E5-4E63-89A9-14553ACB0E82}"
EndProject
Global
	GlobalSection(SolutionConfigurationPlatforms) = preSolution
		Debug|Any CPU = Debug|Any CPU
		Release|Any CPU = Release|Any CPU
	EndGlobalSection
	GlobalSection(ProjectConfigurationPlatforms) = postSolution
		{B2EC5B2F-D5E5-4E63-89A9-14553ACB0E82}.Debug|Any CPU.ActiveCfg = Debug|Any CPU
		{B2EC5B2F-D5E5-4E63-89A9-14553ACB0E82}.Debug|Any CPU.Build.0 = Debug|Any CPU
		{B2EC5B2F-D5E5-4E63-89A9-14553ACB0E82}.Release|Any CPU.ActiveCfg = Release|Any CPU
		{B2EC5B2F-D5E5-4E63-89A9-14553ACB0E82}.Release|Any CPU.Build.0 = Release|Any CPU
	EndGlobalSection
	GlobalSection(SolutionProperties) = preSolution
		HideSolutionNode = FALSE
	EndGlobalSection
	GlobalSection(ExtensibilityGlobals) = postSolution
		SolutionGuid = {EEEB9971-568D-4A0A-BDCA-11A015139B87}
	EndGlobalSection
EndGlobal
